
Microsoft Visual Studio Solution File, Format Version 12.00
# Visual Studio Version 17
VisualStudioVersion = 17.0.31903.59
MinimumVisualStudioVersion = 10.0.40219.1
Project("{2150E333-8FDC-42A3-9474-1A3956D46DE8}") = "src", "src", "{4F8738B5-DA24-4A30-9C1D-2DE675859E3D}"
EndProject
Project("{FAE04EC0-301F-11D3-BF4B-00C04F79EFBC}") = "JwtStore.Infra", "src\JwtStore.Infra\JwtStore.Infra.csproj", "{24E0EC53-0B09-40FD-BA19-CCBF91854542}"
EndProject
Project("{FAE04EC0-301F-11D3-BF4B-00C04F79EFBC}") = "JwtStore.Core", "src\JwtStore.Core\JwtStore.Core.csproj", "{7F11EF06-D99D-4C8C-9E23-F6EEBFBCA746}"
EndProject
Project("{FAE04EC0-301F-11D3-BF4B-00C04F79EFBC}") = "JwtStore.Api", "src\JwtStore.Api\JwtStore.Api.csproj", "{AC3C8C74-0390-40C4-BCE8-A8606305887C}"
EndProject
Global
	GlobalSection(SolutionConfigurationPlatforms) = preSolution
		Debug|Any CPU = Debug|Any CPU
		Release|Any CPU = Release|Any CPU
	EndGlobalSection
	GlobalSection(SolutionProperties) = preSolution
		HideSolutionNode = FALSE
	EndGlobalSection
	GlobalSection(ProjectConfigurationPlatforms) = postSolution
		{24E0EC53-0B09-40FD-BA19-CCBF91854542}.Debug|Any CPU.ActiveCfg = Debug|Any CPU
		{24E0EC53-0B09-40FD-BA19-CCBF91854542}.Debug|Any CPU.Build.0 = Debug|Any CPU
		{24E0EC53-0B09-40FD-BA19-CCBF91854542}.Release|Any CPU.ActiveCfg = Release|Any CPU
		{24E0EC53-0B09-40FD-BA19-CCBF91854542}.Release|Any CPU.Build.0 = Release|Any CPU
		{7F11EF06-D99D-4C8C-9E23-F6EEBFBCA746}.Debug|Any CPU.ActiveCfg = Debug|Any CPU
		{7F11EF06-D99D-4C8C-9E23-F6EEBFBCA746}.Debug|Any CPU.Build.0 = Debug|Any CPU
		{7F11EF06-D99D-4C8C-9E23-F6EEBFBCA746}.Release|Any CPU.ActiveCfg = Release|Any CPU
		{7F11EF06-D99D-4C8C-9E23-F6EEBFBCA746}.Release|Any CPU.Build.0 = Release|Any CPU
		{AC3C8C74-0390-40C4-BCE8-A8606305887C}.Debug|Any CPU.ActiveCfg = Debug|Any CPU
		{AC3C8C74-0390-40C4-BCE8-A8606305887C}.Debug|Any CPU.Build.0 = Debug|Any CPU
		{AC3C8C74-0390-40C4-BCE8-A8606305887C}.Release|Any CPU.ActiveCfg = Release|Any CPU
		{AC3C8C74-0390-40C4-BCE8-A8606305887C}.Release|Any CPU.Build.0 = Release|Any CPU
	EndGlobalSection
	GlobalSection(NestedProjects) = preSolution
		{24E0EC53-0B09-40FD-BA19-CCBF91854542} = {4F8738B5-DA24-4A30-9C1D-2DE675859E3D}
		{7F11EF06-D99D-4C8C-9E23-F6EEBFBCA746} = {4F8738B5-DA24-4A30-9C1D-2DE675859E3D}
		{AC3C8C74-0390-40C4-BCE8-A8606305887C} = {4F8738B5-DA24-4A30-9C1D-2DE675859E3D}
	EndGlobalSection
EndGlobal
